
Microsoft Visual Studio Solution File, Format Version 12.00
# Visual Studio Version 17
VisualStudioVersion = 17.2.32630.192
MinimumVisualStudioVersion = 10.0.40219.1
Project("{FAE04EC0-301F-11D3-BF4B-00C04F79EFBC}") = "ConsignmentShopUI", "ConsignmentShopUI\ConsignmentShopUI.csproj", "{D5D9AD74-A458-4879-BCC9-A5710F949F90}"
EndProject
Project("{FAE04EC0-301F-11D3-BF4B-00C04F79EFBC}") = "ConsignmentShopLibrary", "ConsignmentShopLibrary\ConsignmentShopLibrary.csproj", "{83346EDE-3782-4055-A693-A572964FF9BC}"
EndProject
Global
	GlobalSection(SolutionConfigurationPlatforms) = preSolution
		Debug|Any CPU = Debug|Any CPU
		Release|Any CPU = Release|Any CPU
	EndGlobalSection
	GlobalSection(ProjectConfigurationPlatforms) = postSolution
		{D5D9AD74-A458-4879-BCC9-A5710F949F90}.Debug|Any CPU.ActiveCfg = Debug|Any CPU
		{D5D9AD74-A458-4879-BCC9-A5710F949F90}.Debug|Any CPU.Build.0 = Debug|Any CPU
		{D5D9AD74-A458-4879-BCC9-A5710F949F90}.Release|Any CPU.ActiveCfg = Release|Any CPU
		{D5D9AD74-A458-4879-BCC9-A5710F949F90}.Release|Any CPU.Build.0 = Release|Any CPU
		{83346EDE-3782-4055-A693-A572964FF9BC}.Debug|Any CPU.ActiveCfg = Debug|Any CPU
		{83346EDE-3782-4055-A693-A572964FF9BC}.Debug|Any CPU.Build.0 = Debug|Any CPU
		{83346EDE-3782-4055-A693-A572964FF9BC}.Release|Any CPU.ActiveCfg = Release|Any CPU
		{83346EDE-3782-4055-A693-A572964FF9BC}.Release|Any CPU.Build.0 = Release|Any CPU
	EndGlobalSection
	GlobalSection(SolutionProperties) = preSolution
		HideSolutionNode = FALSE
	EndGlobalSection
	GlobalSection(ExtensibilityGlobals) = postSolution
		SolutionGuid = {CDBED650-A66C-402C-ADC6-44AE3F1545DF}
	EndGlobalSection
EndGlobal
